{
  "name": "32-ecommerce-firebase",
  "lockfileVersion": 3,
  "requires": true,
  "packages": {
    "": {
      "dependencies": {
        "@stripe/stripe-js": "^3.2.0"
      }
    },
    "node_modules/@stripe/stripe-js": {
      "version": "3.2.0",
      "resolved": "https://registry.npmjs.org/@stripe/stripe-js/-/stripe-js-3.2.0.tgz",
      "integrity": "sha512-dNu+FLX0UrxM0RVgr4YVc5dJdmC6Wx5Grgi53E28K+n+/aIqVrWkonKtAEPcdkabQz6i/1IpNd93s+UUVSOkcg==",
      "engines": {
        "node": ">=12.16"
      }
    }
  }
}
